
Microsoft Visual Studio Solution File, Format Version 12.00
# Visual Studio Version 16
VisualStudioVersion = 16.0.29411.108
MinimumVisualStudioVersion = 10.0.40219.1
Project("{8BC9CEB8-8B4A-11D0-8D11-00A0C91BC942}") = "Pathfinder", "Pathfinder\Pathfinder.vcxproj", "{CB57DD4A-6912-42F5-8D4C-A76707D5A4AB}"
EndProject
Global
	GlobalSection(SolutionConfigurationPlatforms) = preSolution
		Debug|x64 = Debug|x64
		Debug|x86 = Debug|x86
		Release|x64 = Release|x64
		Release|x86 = Release|x86
	EndGlobalSection
	GlobalSection(ProjectConfigurationPlatforms) = postSolution
		{CB57DD4A-6912-42F5-8D4C-A76707D5A4AB}.Debug|x64.ActiveCfg = Debug|x64
		{CB57DD4A-6912-42F5-8D4C-A76707D5A4AB}.Debug|x64.Build.0 = Debug|x64
		{CB57DD4A-6912-42F5-8D4C-A76707D5A4AB}.Debug|x86.ActiveCfg = Debug|Win32
		{CB57DD4A-6912-42F5-8D4C-A76707D5A4AB}.Debug|x86.Build.0 = Debug|Win32
		{CB57DD4A-6912-42F5-8D4C-A76707D5A4AB}.Release|x64.ActiveCfg = Release|x64
		{CB57DD4A-6912-42F5-8D4C-A76707D5A4AB}.Release|x64.Build.0 = Release|x64
		{CB57DD4A-6912-42F5-8D4C-A76707D5A4AB}.Release|x86.ActiveCfg = Release|Win32
		{CB57DD4A-6912-42F5-8D4C-A76707D5A4AB}.Release|x86.Build.0 = Release|Win32
	EndGlobalSection
	GlobalSection(SolutionProperties) = preSolution
		HideSolutionNode = FALSE
	EndGlobalSection
	GlobalSection(ExtensibilityGlobals) = postSolution
		SolutionGuid = {DD753CFB-6431-4DB8-ADE2-9AA1CE496AFF}
	EndGlobalSection
EndGlobal
